// !$*UTF8*$!
{
	archiveVersion = 1;
	classes = {
	};
	objectVersion = 51;
	objects = {

/* Begin PBXBuildFile section */
		11D720470EF49C7A67E94CF2 /* Pods_presented_viewcontroller_performance_practice.framework in Frameworks */ = {isa = PBXBuildFile; fileRef = 49B875AE1D50ED2AFA195762 /* Pods_presented_viewcontroller_performance_practice.framework */; };
		D4593918253220B40019A6CA /* AppDelegate.swift in Sources */ = {isa = PBXBuildFile; fileRef = D4593917253220B40019A6CA /* AppDelegate.swift */; };
		D459391A253220B40019A6CA /* SceneDelegate.swift in Sources */ = {isa = PBXBuildFile; fileRef = D4593919253220B40019A6CA /* SceneDelegate.swift */; };
		D459391C253220B40019A6CA /* ViewController.swift in Sources */ = {isa = PBXBuildFile; fileRef = D459391B253220B40019A6CA /* ViewController.swift */; };
		D459391F253220B40019A6CA /* Main.storyboard in Resources */ = {isa = PBXBuildFile; fileRef = D459391D253220B40019A6CA /* Main.storyboard */; };
		D4593921253220B60019A6CA /* Assets.xcassets in Resources */ = {isa = PBXBuildFile; fileRef = D4593920253220B60019A6CA /* Assets.xcassets */; };
		D4593924253220B60019A6CA /* LaunchScreen.storyboard in Resources */ = {isa = PBXBuildFile; fileRef = D4593922253220B60019A6CA /* LaunchScreen.storyboard */; };
		D47F0765256E60A2007513EB /* ViewController4.swift in Sources */ = {isa = PBXBuildFile; fileRef = D47F0764256E60A2007513EB /* ViewController4.swift */; };
		D47F0768256E623F007513EB /* ViewController1.swift in Sources */ = {isa = PBXBuildFile; fileRef = D47F0767256E623F007513EB /* ViewController1.swift */; };
/* End PBXBuildFile section */

/* Begin PBXFileReference section */
		1EA3861087BED1F1B9D11125 /* Pods-presented-viewcontroller-performance-practice.release.xcconfig */ = {isa = PBXFileReference; includeInIndex = 1; lastKnownFileType = text.xcconfig; name = "Pods-presented-viewcontroller-performance-practice.release.xcconfig"; path = "Target Support Files/Pods-presented-viewcontroller-performance-practice/Pods-presented-viewcontroller-performance-practice.release.xcconfig"; sourceTree = "<group>"; };
		49B875AE1D50ED2AFA195762 /* Pods_presented_viewcontroller_performance_practice.framework */ = {isa = PBXFileReference; explicitFileType = wrapper.framework; includeInIndex = 0; path = Pods_presented_viewcontroller_performance_practice.framework; sourceTree = BUILT_PRODUCTS_DIR; };
		56C22374A302BD25A6DE233A /* Pods-presented-viewcontroller-performance-practice.debug.xcconfig */ = {isa = PBXFileReference; includeInIndex = 1; lastKnownFileType = text.xcconfig; name = "Pods-presented-viewcontroller-performance-practice.debug.xcconfig"; path = "Target Support Files/Pods-presented-viewcontroller-performance-practice/Pods-presented-viewcontroller-performance-practice.debug.xcconfig"; sourceTree = "<group>"; };
		D4593914253220B40019A6CA /* presented-viewcontroller-performance-practice.app */ = {isa = PBXFileReference; explicitFileType = wrapper.application; includeInIndex = 0; path = "presented-viewcontroller-performance-practice.app"; sourceTree = BUILT_PRODUCTS_DIR; };
		D4593917253220B40019A6CA /* AppDelegate.swift */ = {isa = PBXFileReference; lastKnownFileType = sourcecode.swift; path = AppDelegate.swift; sourceTree = "<group>"; };
		D4593919253220B40019A6CA /* SceneDelegate.swift */ = {isa = PBXFileReference; lastKnownFileType = sourcecode.swift; path = SceneDelegate.swift; sourceTree = "<group>"; };
		D459391B253220B40019A6CA /* ViewController.swift */ = {isa = PBXFileReference; lastKnownFileType = sourcecode.swift; path = ViewController.swift; sourceTree = "<group>"; };
		D459391E253220B40019A6CA /* Base */ = {isa = PBXFileReference; lastKnownFileType = file.storyboard; name = Base; path = Base.lproj/Main.storyboard; sourceTree = "<group>"; };
		D4593920253220B60019A6CA /* Assets.xcassets */ = {isa = PBXFileReference; lastKnownFileType = folder.assetcatalog; path = Assets.xcassets; sourceTree = "<group>"; };
		D4593923253220B60019A6CA /* Base */ = {isa = PBXFileReference; lastKnownFileType = file.storyboard; name = Base; path = Base.lproj/LaunchScreen.storyboard; sourceTree = "<group>"; };
		D4593925253220B60019A6CA /* Info.plist */ = {isa = PBXFileReference; lastKnownFileType = text.plist.xml; path = Info.plist; sourceTree = "<group>"; };
		D47F0764256E60A2007513EB /* ViewController4.swift */ = {isa = PBXFileReference; fileEncoding = 4; lastKnownFileType = sourcecode.swift; path = ViewController4.swift; sourceTree = "<group>"; };
		D47F0767256E623F007513EB /* ViewController1.swift */ = {isa = PBXFileReference; lastKnownFileType = sourcecode.swift; path = ViewController1.swift; sourceTree = "<group>"; };
/* End PBXFileReference section */

/* Begin PBXFrameworksBuildPhase section */
		D4593911253220B40019A6CA /* Frameworks */ = {
			isa = PBXFrameworksBuildPhase;
			buildActionMask = 2147483647;
			files = (
				11D720470EF49C7A67E94CF2 /* Pods_presented_viewcontroller_performance_practice.framework in Frameworks */,
			);
			runOnlyForDeploymentPostprocessing = 0;
		};
/* End PBXFrameworksBuildPhase section */

/* Begin PBXGroup section */
		08D6458DA4C66C60AC0050D8 /* Frameworks */ = {
			isa = PBXGroup;
			children = (
				49B875AE1D50ED2AFA195762 /* Pods_presented_viewcontroller_performance_practice.framework */,
			);
			name = Frameworks;
			sourceTree = "<group>";
		};
		CDF83DAB55E8879EAAA82F10 /* Pods */ = {
			isa = PBXGroup;
			children = (
				56C22374A302BD25A6DE233A /* Pods-presented-viewcontroller-performance-practice.debug.xcconfig */,
				1EA3861087BED1F1B9D11125 /* Pods-presented-viewcontroller-performance-practice.release.xcconfig */,
			);
			path = Pods;
			sourceTree = "<group>";
		};
		D459390B253220B40019A6CA = {
			isa = PBXGroup;
			children = (
				D4593916253220B40019A6CA /* presented-viewcontroller-performance-practice */,
				D4593915253220B40019A6CA /* Products */,
				CDF83DAB55E8879EAAA82F10 /* Pods */,
				08D6458DA4C66C60AC0050D8 /* Frameworks */,
			);
			sourceTree = "<group>";
		};
		D4593915253220B40019A6CA /* Products */ = {
			isa = PBXGroup;
			children = (
				D4593914253220B40019A6CA /* presented-viewcontroller-performance-practice.app */,
			);
			name = Products;
			sourceTree = "<group>";
		};
		D4593916253220B40019A6CA /* presented-viewcontroller-performance-practice */ = {
			isa = PBXGroup;
			children = (
				D4593917253220B40019A6CA /* AppDelegate.swift */,
				D4593919253220B40019A6CA /* SceneDelegate.swift */,
				D459391B253220B40019A6CA /* ViewController.swift */,
				D47F0767256E623F007513EB /* ViewController1.swift */,
				D47F0764256E60A2007513EB /* ViewController4.swift */,
				D459391D253220B40019A6CA /* Main.storyboard */,
				D4593920253220B60019A6CA /* Assets.xcassets */,
				D4593922253220B60019A6CA /* LaunchScreen.storyboard */,
				D4593925253220B60019A6CA /* Info.plist */,
			);
			path = "presented-viewcontroller-performance-practice";
			sourceTree = "<group>";
		};
/* End PBXGroup section */

/* Begin PBXNativeTarget section */
		D4593913253220B40019A6CA /* presented-viewcontroller-performance-practice */ = {
			isa = PBXNativeTarget;
			buildConfigurationList = D4593928253220B60019A6CA /* Build configuration list for PBXNativeTarget "presented-viewcontroller-performance-practice" */;
			buildPhases = (
				34E77AE2622DDC9D496C6598 /* [CP] Check Pods Manifest.lock */,
				D4593910253220B40019A6CA /* Sources */,
				D4593911253220B40019A6CA /* Frameworks */,
				D4593912253220B40019A6CA /* Resources */,
				9CFB1B4DCC37F21AE8C43254 /* [CP] Embed Pods Frameworks */,
			);
			buildRules = (
			);
			dependencies = (
			);
			name = "presented-viewcontroller-performance-practice";
			productName = "presented-viewcontroller-performance-practice";
			productReference = D4593914253220B40019A6CA /* presented-viewcontroller-performance-practice.app */;
			productType = "com.apple.product-type.application";
		};
/* End PBXNativeTarget section */

/* Begin PBXProject section */
		D459390C253220B40019A6CA /* Project object */ = {
			isa = PBXProject;
			attributes = {
				LastSwiftUpdateCheck = 1200;
				LastUpgradeCheck = 1200;
				TargetAttributes = {
					D4593913253220B40019A6CA = {
						CreatedOnToolsVersion = 12.0;
					};
				};
			};
			buildConfigurationList = D459390F253220B40019A6CA /* Build configuration list for PBXProject "presented-viewcontroller-performance-practice" */;
			compatibilityVersion = "Xcode 9.3";
			developmentRegion = en;
			hasScannedForEncodings = 0;
			knownRegions = (
				en,
				Base,
			);
			mainGroup = D459390B253220B40019A6CA;
			productRefGroup = D4593915253220B40019A6CA /* Products */;
			projectDirPath = "";
			projectRoot = "";
			targets = (
				D4593913253220B40019A6CA /* presented-viewcontroller-performance-practice */,
			);
		};
/* End PBXProject section */

/* Begin PBXResourcesBuildPhase section */
		D4593912253220B40019A6CA /* Resources */ = {
			isa = PBXResourcesBuildPhase;
			buildActionMask = 2147483647;
			files = (
				D4593924253220B60019A6CA /* LaunchScreen.storyboard in Resources */,
				D4593921253220B60019A6CA /* Assets.xcassets in Resources */,
				D459391F253220B40019A6CA /* Main.storyboard in Resources */,
			);
			runOnlyForDeploymentPostprocessing = 0;
		};
/* End PBXResourcesBuildPhase section */

/* Begin PBXShellScriptBuildPhase section */
		34E77AE2622DDC9D496C6598 /* [CP] Check Pods Manifest.lock */ = {
			isa = PBXShellScriptBuildPhase;
			buildActionMask = 2147483647;
			files = (
			);
			inputFileListPaths = (
			);
			inputPaths = (
				"${PODS_PODFILE_DIR_PATH}/Podfile.lock",
				"${PODS_ROOT}/Manifest.lock",
			);
			name = "[CP] Check Pods Manifest.lock";
			outputFileListPaths = (
			);
			outputPaths = (
				"$(DERIVED_FILE_DIR)/Pods-presented-viewcontroller-performance-practice-checkManifestLockResult.txt",
			);
			runOnlyForDeploymentPostprocessing = 0;
			shellPath = /bin/sh;
			shellScript = "diff \"${PODS_PODFILE_DIR_PATH}/Podfile.lock\" \"${PODS_ROOT}/Manifest.lock\" > /dev/null\nif [ $? != 0 ] ; then\n    # print error to STDERR\n    echo \"error: The sandbox is not in sync with the Podfile.lock. Run 'pod install' or update your CocoaPods installation.\" >&2\n    exit 1\nfi\n# This output is used by Xcode 'outputs' to avoid re-running this script phase.\necho \"SUCCESS\" > \"${SCRIPT_OUTPUT_FILE_0}\"\n";
			showEnvVarsInLog = 0;
		};
		9CFB1B4DCC37F21AE8C43254 /* [CP] Embed Pods Frameworks */ = {
			isa = PBXShellScriptBuildPhase;
			buildActionMask = 2147483647;
			files = (
			);
			inputFileListPaths = (
				"${PODS_ROOT}/Target Support Files/Pods-presented-viewcontroller-performance-practice/Pods-presented-viewcontroller-performance-practice-frameworks-${CONFIGURATION}-input-files.xcfilelist",
			);
			name = "[CP] Embed Pods Frameworks";
			outputFileListPaths = (
				"${PODS_ROOT}/Target Support Files/Pods-presented-viewcontroller-performance-practice/Pods-presented-viewcontroller-performance-practice-frameworks-${CONFIGURATION}-output-files.xcfilelist",
			);
			runOnlyForDeploymentPostprocessing = 0;
			shellPath = /bin/sh;
			shellScript = "\"${PODS_ROOT}/Target Support Files/Pods-presented-viewcontroller-performance-practice/Pods-presented-viewcontroller-performance-practice-frameworks.sh\"\n";
			showEnvVarsInLog = 0;
		};
/* End PBXShellScriptBuildPhase section */

/* Begin PBXSourcesBuildPhase section */
		D4593910253220B40019A6CA /* Sources */ = {
			isa = PBXSourcesBuildPhase;
			buildActionMask = 2147483647;
			files = (
				D459391C253220B40019A6CA /* ViewController.swift in Sources */,
				D47F0768256E623F007513EB /* ViewController1.swift in Sources */,
				D4593918253220B40019A6CA /* AppDelegate.swift in Sources */,
				D459391A253220B40019A6CA /* SceneDelegate.swift in Sources */,
				D47F0765256E60A2007513EB /* ViewController4.swift in Sources */,
			);
			runOnlyForDeploymentPostprocessing = 0;
		};
/* End PBXSourcesBuildPhase section */

/* Begin PBXVariantGroup section */
		D459391D253220B40019A6CA /* Main.storyboard */ = {
			isa = PBXVariantGroup;
			children = (
				D459391E253220B40019A6CA /* Base */,
			);
			name = Main.storyboard;
			sourceTree = "<group>";
		};
		D4593922253220B60019A6CA /* LaunchScreen.storyboard */ = {
			isa = PBXVariantGroup;
			children = (
				D4593923253220B60019A6CA /* Base */,
			);
			name = LaunchScreen.storyboard;
			sourceTree = "<group>";
		};
/* End PBXVariantGroup section */

/* Begin XCBuildConfiguration section */
		D4593926253220B60019A6CA /* Debug */ = {
			isa = XCBuildConfiguration;
			buildSettings = {
				ALWAYS_SEARCH_USER_PATHS = NO;
				CLANG_ANALYZER_NONNULL = YES;
				CLANG_ANALYZER_NUMBER_OBJECT_CONVERSION = YES_AGGRESSIVE;
				CLANG_CXX_LANGUAGE_STANDARD = "gnu++14";
				CLANG_CXX_LIBRARY = "libc++";
				CLANG_ENABLE_MODULES = YES;
				CLANG_ENABLE_OBJC_ARC = YES;
				CLANG_ENABLE_OBJC_WEAK = YES;
				CLANG_WARN_BLOCK_CAPTURE_AUTORELEASING = YES;
				CLANG_WARN_BOOL_CONVERSION = YES;
				CLANG_WARN_COMMA = YES;
				CLANG_WARN_CONSTANT_CONVERSION = YES;
				CLANG_WARN_DEPRECATED_OBJC_IMPLEMENTATIONS = YES;
				CLANG_WARN_DIRECT_OBJC_ISA_USAGE = YES_ERROR;
				CLANG_WARN_DOCUMENTATION_COMMENTS = YES;
				CLANG_WARN_EMPTY_BODY = YES;
				CLANG_WARN_ENUM_CONVERSION = YES;
				CLANG_WARN_INFINITE_RECURSION = YES;
				CLANG_WARN_INT_CONVERSION = YES;
				CLANG_WARN_NON_LITERAL_NULL_CONVERSION = YES;
				CLANG_WARN_OBJC_IMPLICIT_RETAIN_SELF = YES;
				CLANG_WARN_OBJC_LITERAL_CONVERSION = YES;
				CLANG_WARN_OBJC_ROOT_CLASS = YES_ERROR;
				CLANG_WARN_QUOTED_INCLUDE_IN_FRAMEWORK_HEADER = YES;
				CLANG_WARN_RANGE_LOOP_ANALYSIS = YES;
				CLANG_WARN_STRICT_PROTOTYPES = YES;
				CLANG_WARN_SUSPICIOUS_MOVE = YES;
				CLANG_WARN_UNGUARDED_AVAILABILITY = YES_AGGRESSIVE;
				CLANG_WARN_UNREACHABLE_CODE = YES;
				CLANG_WARN__DUPLICATE_METHOD_MATCH = YES;
				COPY_PHASE_STRIP = NO;
				DEBUG_INFORMATION_FORMAT = dwarf;
				ENABLE_STRICT_OBJC_MSGSEND = YES;
				ENABLE_TESTABILITY = YES;
				GCC_C_LANGUAGE_STANDARD = gnu11;
				GCC_DYNAMIC_NO_PIC = NO;
				GCC_NO_COMMON_BLOCKS = YES;
				GCC_OPTIMIZATION_LEVEL = 0;
				GCC_PREPROCESSOR_DEFINITIONS = (
					"DEBUG=1",
					"$(inherited)",
				);
				GCC_WARN_64_TO_32_BIT_CONVERSION = YES;
				GCC_WARN_ABOUT_RETURN_TYPE = YES_ERROR;
				GCC_WARN_UNDECLARED_SELECTOR = YES;
				GCC_WARN_UNINITIALIZED_AUTOS = YES_AGGRESSIVE;
				GCC_WARN_UNUSED_FUNCTION = YES;
				GCC_WARN_UNUSED_VARIABLE = YES;
				IPHONEOS_DEPLOYMENT_TARGET = 14.0;
				MTL_ENABLE_DEBUG_INFO = INCLUDE_SOURCE;
				MTL_FAST_MATH = YES;
				ONLY_ACTIVE_ARCH = YES;
				SDKROOT = iphoneos;
				SWIFT_ACTIVE_COMPILATION_CONDITIONS = DEBUG;
				SWIFT_OPTIMIZATION_LEVEL = "-Onone";
			};
			name = Debug;
		};
		D4593927253220B60019A6CA /* Release */ = {
			isa = XCBuildConfiguration;
			buildSettings = {
				ALWAYS_SEARCH_USER_PATHS = NO;
				CLANG_ANALYZER_NONNULL = YES;
				CLANG_ANALYZER_NUMBER_OBJECT_CONVERSION = YES_AGGRESSIVE;
				CLANG_CXX_LANGUAGE_STANDARD = "gnu++14";
				CLANG_CXX_LIBRARY = "libc++";
				CLANG_ENABLE_MODULES = YES;
				CLANG_ENABLE_OBJC_ARC = YES;
				CLANG_ENABLE_OBJC_WEAK = YES;
				CLANG_WARN_BLOCK_CAPTURE_AUTORELEASING = YES;
				CLANG_WARN_BOOL_CONVERSION = YES;
				CLANG_WARN_COMMA = YES;
				CLANG_WARN_CONSTANT_CONVERSION = YES;
				CLANG_WARN_DEPRECATED_OBJC_IMPLEMENTATIONS = YES;
				CLANG_WARN_DIRECT_OBJC_ISA_USAGE = YES_ERROR;
				CLANG_WARN_DOCUMENTATION_COMMENTS = YES;
				CLANG_WARN_EMPTY_BODY = YES;
				CLANG_WARN_ENUM_CONVERSION = YES;
				CLANG_WARN_INFINITE_RECURSION = YES;
				CLANG_WARN_INT_CONVERSION = YES;
				CLANG_WARN_NON_LITERAL_NULL_CONVERSION = YES;
				CLANG_WARN_OBJC_IMPLICIT_RETAIN_SELF = YES;
				CLANG_WARN_OBJC_LITERAL_CONVERSION = YES;
				CLANG_WARN_OBJC_ROOT_CLASS = YES_ERROR;
				CLANG_WARN_QUOTED_INCLUDE_IN_FRAMEWORK_HEADER = YES;
				CLANG_WARN_RANGE_LOOP_ANALYSIS = YES;
				CLANG_WARN_STRICT_PROTOTYPES = YES;
				CLANG_WARN_SUSPICIOUS_MOVE = YES;
				CLANG_WARN_UNGUARDED_AVAILABILITY = YES_AGGRESSIVE;
				CLANG_WARN_UNREACHABLE_CODE = YES;
				CLANG_WARN__DUPLICATE_METHOD_MATCH = YES;
				COPY_PHASE_STRIP = NO;
				DEBUG_INFORMATION_FORMAT = "dwarf-with-dsym";
				ENABLE_NS_ASSERTIONS = NO;
				ENABLE_STRICT_OBJC_MSGSEND = YES;
				GCC_C_LANGUAGE_STANDARD = gnu11;
				GCC_NO_COMMON_BLOCKS = YES;
				GCC_WARN_64_TO_32_BIT_CONVERSION = YES;
				GCC_WARN_ABOUT_RETURN_TYPE = YES_ERROR;
				GCC_WARN_UNDECLARED_SELECTOR = YES;
				GCC_WARN_UNINITIALIZED_AUTOS = YES_AGGRESSIVE;
				GCC_WARN_UNUSED_FUNCTION = YES;
				GCC_WARN_UNUSED_VARIABLE = YES;
				IPHONEOS_DEPLOYMENT_TARGET = 14.0;
				MTL_ENABLE_DEBUG_INFO = NO;
				MTL_FAST_MATH = YES;
				SDKROOT = iphoneos;
				SWIFT_COMPILATION_MODE = wholemodule;
				SWIFT_OPTIMIZATION_LEVEL = "-O";
				VALIDATE_PRODUCT = YES;
			};
			name = Release;
		};
		D4593929253220B60019A6CA /* Debug */ = {
			isa = XCBuildConfiguration;
			baseConfigurationReference = 56C22374A302BD25A6DE233A /* Pods-presented-viewcontroller-performance-practice.debug.xcconfig */;
			buildSettings = {
				ASSETCATALOG_COMPILER_APPICON_NAME = AppIcon;
				ASSETCATALOG_COMPILER_GLOBAL_ACCENT_COLOR_NAME = AccentColor;
				CODE_SIGN_STYLE = Automatic;
				INFOPLIST_FILE = "presented-viewcontroller-performance-practice/Info.plist";
				LD_RUNPATH_SEARCH_PATHS = (
					"$(inherited)",
					"@executable_path/Frameworks",
				);
				PRODUCT_BUNDLE_IDENTIFIER = "com.shima.app.presented-viewcontroller-performance-practice";
				PRODUCT_NAME = "$(TARGET_NAME)";
				SWIFT_VERSION = 5.0;
				TARGETED_DEVICE_FAMILY = "1,2";
			};
			name = Debug;
		};
		D459392A253220B60019A6CA /* Release */ = {
			isa = XCBuildConfiguration;
			baseConfigurationReference = 1EA3861087BED1F1B9D11125 /* Pods-presented-viewcontroller-performance-practice.release.xcconfig */;
			buildSettings = {
				ASSETCATALOG_COMPILER_APPICON_NAME = AppIcon;
				ASSETCATALOG_COMPILER_GLOBAL_ACCENT_COLOR_NAME = AccentColor;
				CODE_SIGN_STYLE = Automatic;
				INFOPLIST_FILE = "presented-viewcontroller-performance-practice/Info.plist";
				LD_RUNPATH_SEARCH_PATHS = (
					"$(inherited)",
					"@executable_path/Frameworks",
				);
				PRODUCT_BUNDLE_IDENTIFIER = "com.shima.app.presented-viewcontroller-performance-practice";
				PRODUCT_NAME = "$(TARGET_NAME)";
				SWIFT_VERSION = 5.0;
				TARGETED_DEVICE_FAMILY = "1,2";
			};
			name = Release;
		};
/* End XCBuildConfiguration section */

/* Begin XCConfigurationList section */
		D459390F253220B40019A6CA /* Build configuration list for PBXProject "presented-viewcontroller-performance-practice" */ = {
			isa = XCConfigurationList;
			buildConfigurations = (
				D4593926253220B60019A6CA /* Debug */,
				D4593927253220B60019A6CA /* Release */,
			);
			defaultConfigurationIsVisible = 0;
			defaultConfigurationName = Release;
		};
		D4593928253220B60019A6CA /* Build configuration list for PBXNativeTarget "presented-viewcontroller-performance-practice" */ = {
			isa = XCConfigurationList;
			buildConfigurations = (
				D4593929253220B60019A6CA /* Debug */,
				D459392A253220B60019A6CA /* Release */,
			);
			defaultConfigurationIsVisible = 0;
			defaultConfigurationName = Release;
		};
/* End XCConfigurationList section */
	};
	rootObject = D459390C253220B40019A6CA /* Project object */;
}
